{
  "originHash" : "f33e4c74c2cb3f3eeec37ac6541b038209df235a438973ee7507411b2e468104",
  "pins" : [
    {
      "identity" : "protobuf",
      "kind" : "remoteSourceControl",
      "location" : "https://github.com/zy19890102/Protobuf",
      "state" : {
        "revision" : "30f77ca75baf21d96e56c58293fa47dfe0cc665b",
        "version" : "1.0.0"
      }
    },
    {
      "identity" : "ziparchive",
      "kind" : "remoteSourceControl",
      "location" : "https://github.com/ZipArchive/ZipArchive.git",
      "state" : {
        "revision" : "38e0ce0598e06b034271f296a8e15b149c91aa19",
        "version" : "2.4.3"
      }
    }
  ],
  "version" : 3
}
