{
  "originHash" : "524edc0c5de8336b157e13ad89d44332455a988242998f29d42ba386661d1c9c",
  "pins" : [
    {
      "identity" : "protobuf",
      "kind" : "remoteSourceControl",
      "location" : "https://github.com/zy19890102/Protobuf",
      "state" : {
        "revision" : "c24b797b04c075593d1f7a26d994a16f115be9b6",
        "version" : "1.1.0"
      }
    },
    {
      "identity" : "ziparchive",
      "kind" : "remoteSourceControl",
      "location" : "https://github.com/ZipArchive/ZipArchive.git",
      "state" : {
        "revision" : "38e0ce0598e06b034271f296a8e15b149c91aa19",
        "version" : "2.4.3"
      }
    }
  ],
  "version" : 3
}
